// !$*UTF8*$!
{
	archiveVersion = 1;
	classes = {
	};
	objectVersion = 46;
	objects = {

/* Begin PBXBuildFile section */
		4602AEB7181288A400200CE0 /* UIKit.framework in Frameworks */ = {isa = PBXBuildFile; fileRef = 4602AEB6181288A400200CE0 /* UIKit.framework */; };
		4602AEB9181288A400200CE0 /* Foundation.framework in Frameworks */ = {isa = PBXBuildFile; fileRef = 4602AEB8181288A400200CE0 /* Foundation.framework */; };
		4602AEBB181288A400200CE0 /* CoreGraphics.framework in Frameworks */ = {isa = PBXBuildFile; fileRef = 4602AEBA181288A400200CE0 /* CoreGraphics.framework */; };
		4602AEC1181288A400200CE0 /* InfoPlist.strings in Resources */ = {isa = PBXBuildFile; fileRef = 4602AEBF181288A400200CE0 /* InfoPlist.strings */; };
		4602AEC3181288A400200CE0 /* main.m in Sources */ = {isa = PBXBuildFile; fileRef = 4602AEC2181288A400200CE0 /* main.m */; };
		4602AEC7181288A400200CE0 /* AppDelegate.m in Sources */ = {isa = PBXBuildFile; fileRef = 4602AEC6181288A400200CE0 /* AppDelegate.m */; };
		4602AEC9181288A400200CE0 /* Default.png in Resources */ = {isa = PBXBuildFile; fileRef = 4602AEC8181288A400200CE0 /* Default.png */; };
		4602AECB181288A400200CE0 /* Default@2x.png in Resources */ = {isa = PBXBuildFile; fileRef = 4602AECA181288A400200CE0 /* Default@2x.png */; };
		4602AECD181288A400200CE0 /* Default-568h@2x.png in Resources */ = {isa = PBXBuildFile; fileRef = 4602AECC181288A400200CE0 /* Default-568h@2x.png */; };
		4602AED0181288A400200CE0 /* ViewController.m in Sources */ = {isa = PBXBuildFile; fileRef = 4602AECF181288A400200CE0 /* ViewController.m */; };
		4602AED3181288A400200CE0 /* ViewController_iPhone.xib in Resources */ = {isa = PBXBuildFile; fileRef = 4602AED1181288A400200CE0 /* ViewController_iPhone.xib */; };
		4602AED6181288A400200CE0 /* ViewController_iPad.xib in Resources */ = {isa = PBXBuildFile; fileRef = 4602AED4181288A400200CE0 /* ViewController_iPad.xib */; };
/* End PBXBuildFile section */

/* Begin PBXFileReference section */
		4602AEB3181288A400200CE0 /* testGitApp.app */ = {isa = PBXFileReference; explicitFileType = wrapper.application; includeInIndex = 0; path = testGitApp.app; sourceTree = BUILT_PRODUCTS_DIR; };
		4602AEB6181288A400200CE0 /* UIKit.framework */ = {isa = PBXFileReference; lastKnownFileType = wrapper.framework; name = UIKit.framework; path = System/Library/Frameworks/UIKit.framework; sourceTree = SDKROOT; };
		4602AEB8181288A400200CE0 /* Foundation.framework */ = {isa = PBXFileReference; lastKnownFileType = wrapper.framework; name = Foundation.framework; path = System/Library/Frameworks/Foundation.framework; sourceTree = SDKROOT; };
		4602AEBA181288A400200CE0 /* CoreGraphics.framework */ = {isa = PBXFileReference; lastKnownFileType = wrapper.framework; name = CoreGraphics.framework; path = System/Library/Frameworks/CoreGraphics.framework; sourceTree = SDKROOT; };
		4602AEBE181288A400200CE0 /* testGitApp-Info.plist */ = {isa = PBXFileReference; lastKnownFileType = text.plist.xml; path = "testGitApp-Info.plist"; sourceTree = "<group>"; };
		4602AEC0181288A400200CE0 /* en */ = {isa = PBXFileReference; lastKnownFileType = text.plist.strings; name = en; path = en.lproj/InfoPlist.strings; sourceTree = "<group>"; };
		4602AEC2181288A400200CE0 /* main.m */ = {isa = PBXFileReference; lastKnownFileType = sourcecode.c.objc; path = main.m; sourceTree = "<group>"; };
		4602AEC4181288A400200CE0 /* testGitApp-Prefix.pch */ = {isa = PBXFileReference; lastKnownFileType = sourcecode.c.h; path = "testGitApp-Prefix.pch"; sourceTree = "<group>"; };
		4602AEC5181288A400200CE0 /* AppDelegate.h */ = {isa = PBXFileReference; lastKnownFileType = sourcecode.c.h; path = AppDelegate.h; sourceTree = "<group>"; };
		4602AEC6181288A400200CE0 /* AppDelegate.m */ = {isa = PBXFileReference; lastKnownFileType = sourcecode.c.objc; path = AppDelegate.m; sourceTree = "<group>"; };
		4602AEC8181288A400200CE0 /* Default.png */ = {isa = PBXFileReference; lastKnownFileType = image.png; path = Default.png; sourceTree = "<group>"; };
		4602AECA181288A400200CE0 /* Default@2x.png */ = {isa = PBXFileReference; lastKnownFileType = image.png; path = "Default@2x.png"; sourceTree = "<group>"; };
		4602AECC181288A400200CE0 /* Default-568h@2x.png */ = {isa = PBXFileReference; lastKnownFileType = image.png; path = "Default-568h@2x.png"; sourceTree = "<group>"; };
		4602AECE181288A400200CE0 /* ViewController.h */ = {isa = PBXFileReference; lastKnownFileType = sourcecode.c.h; path = ViewController.h; sourceTree = "<group>"; };
		4602AECF181288A400200CE0 /* ViewController.m */ = {isa = PBXFileReference; lastKnownFileType = sourcecode.c.objc; path = ViewController.m; sourceTree = "<group>"; };
		4602AED2181288A400200CE0 /* en */ = {isa = PBXFileReference; lastKnownFileType = file.xib; name = en; path = en.lproj/ViewController_iPhone.xib; sourceTree = "<group>"; };
		4602AED5181288A400200CE0 /* en */ = {isa = PBXFileReference; lastKnownFileType = file.xib; name = en; path = en.lproj/ViewController_iPad.xib; sourceTree = "<group>"; };
/* End PBXFileReference section */

/* Begin PBXFrameworksBuildPhase section */
		4602AEB0181288A400200CE0 /* Frameworks */ = {
			isa = PBXFrameworksBuildPhase;
			buildActionMask = 2147483647;
			files = (
				4602AEB7181288A400200CE0 /* UIKit.framework in Frameworks */,
				4602AEB9181288A400200CE0 /* Foundation.framework in Frameworks */,
				4602AEBB181288A400200CE0 /* CoreGraphics.framework in Frameworks */,
			);
			runOnlyForDeploymentPostprocessing = 0;
		};
/* End PBXFrameworksBuildPhase section */

/* Begin PBXGroup section */
		4602AEAA181288A400200CE0 = {
			isa = PBXGroup;
			children = (
				4602AEBC181288A400200CE0 /* testGitApp */,
				4602AEB5181288A400200CE0 /* Frameworks */,
				4602AEB4181288A400200CE0 /* Products */,
			);
			sourceTree = "<group>";
		};
		4602AEB4181288A400200CE0 /* Products */ = {
			isa = PBXGroup;
			children = (
				4602AEB3181288A400200CE0 /* testGitApp.app */,
			);
			name = Products;
			sourceTree = "<group>";
		};
		4602AEB5181288A400200CE0 /* Frameworks */ = {
			isa = PBXGroup;
			children = (
				4602AEB6181288A400200CE0 /* UIKit.framework */,
				4602AEB8181288A400200CE0 /* Foundation.framework */,
				4602AEBA181288A400200CE0 /* CoreGraphics.framework */,
			);
			name = Frameworks;
			sourceTree = "<group>";
		};
		4602AEBC181288A400200CE0 /* testGitApp */ = {
			isa = PBXGroup;
			children = (
				4602AEC5181288A400200CE0 /* AppDelegate.h */,
				4602AEC6181288A400200CE0 /* AppDelegate.m */,
				4602AECE181288A400200CE0 /* ViewController.h */,
				4602AECF181288A400200CE0 /* ViewController.m */,
				4602AED1181288A400200CE0 /* ViewController_iPhone.xib */,
				4602AED4181288A400200CE0 /* ViewController_iPad.xib */,
				4602AEBD181288A400200CE0 /* Supporting Files */,
			);
			path = testGitApp;
			sourceTree = "<group>";
		};
		4602AEBD181288A400200CE0 /* Supporting Files */ = {
			isa = PBXGroup;
			children = (
				4602AEBE181288A400200CE0 /* testGitApp-Info.plist */,
				4602AEBF181288A400200CE0 /* InfoPlist.strings */,
				4602AEC2181288A400200CE0 /* main.m */,
				4602AEC4181288A400200CE0 /* testGitApp-Prefix.pch */,
				4602AEC8181288A400200CE0 /* Default.png */,
				4602AECA181288A400200CE0 /* Default@2x.png */,
				4602AECC181288A400200CE0 /* Default-568h@2x.png */,
			);
			name = "Supporting Files";
			sourceTree = "<group>";
		};
/* End PBXGroup section */

/* Begin PBXNativeTarget section */
		4602AEB2181288A400200CE0 /* testGitApp */ = {
			isa = PBXNativeTarget;
			buildConfigurationList = 4602AED9181288A400200CE0 /* Build configuration list for PBXNativeTarget "testGitApp" */;
			buildPhases = (
				4602AEAF181288A400200CE0 /* Sources */,
				4602AEB0181288A400200CE0 /* Frameworks */,
				4602AEB1181288A400200CE0 /* Resources */,
			);
			buildRules = (
			);
			dependencies = (
			);
			name = testGitApp;
			productName = testGitApp;
			productReference = 4602AEB3181288A400200CE0 /* testGitApp.app */;
			productType = "com.apple.product-type.application";
		};
/* End PBXNativeTarget section */

/* Begin PBXProject section */
		4602AEAB181288A400200CE0 /* Project object */ = {
			isa = PBXProject;
			attributes = {
				LastUpgradeCheck = 0460;
				ORGANIZATIONNAME = "Piyu Hirpara";
			};
			buildConfigurationList = 4602AEAE181288A400200CE0 /* Build configuration list for PBXProject "testGitApp" */;
			compatibilityVersion = "Xcode 3.2";
			developmentRegion = English;
			hasScannedForEncodings = 0;
			knownRegions = (
				en,
			);
			mainGroup = 4602AEAA181288A400200CE0;
			productRefGroup = 4602AEB4181288A400200CE0 /* Products */;
			projectDirPath = "";
			projectRoot = "";
			targets = (
				4602AEB2181288A400200CE0 /* testGitApp */,
			);
		};
/* End PBXProject section */

/* Begin PBXResourcesBuildPhase section */
		4602AEB1181288A400200CE0 /* Resources */ = {
			isa = PBXResourcesBuildPhase;
			buildActionMask = 2147483647;
			files = (
				4602AEC1181288A400200CE0 /* InfoPlist.strings in Resources */,
				4602AEC9181288A400200CE0 /* Default.png in Resources */,
				4602AECB181288A400200CE0 /* Default@2x.png in Resources */,
				4602AECD181288A400200CE0 /* Default-568h@2x.png in Resources */,
				4602AED3181288A400200CE0 /* ViewController_iPhone.xib in Resources */,
				4602AED6181288A400200CE0 /* ViewController_iPad.xib in Resources */,
			);
			runOnlyForDeploymentPostprocessing = 0;
		};
/* End PBXResourcesBuildPhase section */

/* Begin PBXSourcesBuildPhase section */
		4602AEAF181288A400200CE0 /* Sources */ = {
			isa = PBXSourcesBuildPhase;
			buildActionMask = 2147483647;
			files = (
				4602AEC3181288A400200CE0 /* main.m in Sources */,
				4602AEC7181288A400200CE0 /* AppDelegate.m in Sources */,
				4602AED0181288A400200CE0 /* ViewController.m in Sources */,
			);
			runOnlyForDeploymentPostprocessing = 0;
		};
/* End PBXSourcesBuildPhase section */

/* Begin PBXVariantGroup section */
		4602AEBF181288A400200CE0 /* InfoPlist.strings */ = {
			isa = PBXVariantGroup;
			children = (
				4602AEC0181288A400200CE0 /* en */,
			);
			name = InfoPlist.strings;
			sourceTree = "<group>";
		};
		4602AED1181288A400200CE0 /* ViewController_iPhone.xib */ = {
			isa = PBXVariantGroup;
			children = (
				4602AED2181288A400200CE0 /* en */,
			);
			name = ViewController_iPhone.xib;
			sourceTree = "<group>";
		};
		4602AED4181288A400200CE0 /* ViewController_iPad.xib */ = {
			isa = PBXVariantGroup;
			children = (
				4602AED5181288A400200CE0 /* en */,
			);
			name = ViewController_iPad.xib;
			sourceTree = "<group>";
		};
/* End PBXVariantGroup section */

/* Begin XCBuildConfiguration section */
		4602AED7181288A400200CE0 /* Debug */ = {
			isa = XCBuildConfiguration;
			buildSettings = {
				ALWAYS_SEARCH_USER_PATHS = NO;
				CLANG_CXX_LANGUAGE_STANDARD = "gnu++0x";
				CLANG_CXX_LIBRARY = "libc++";
				CLANG_WARN_CONSTANT_CONVERSION = YES;
				CLANG_WARN_EMPTY_BODY = YES;
				CLANG_WARN_ENUM_CONVERSION = YES;
				CLANG_WARN_INT_CONVERSION = YES;
				CLANG_WARN__DUPLICATE_METHOD_MATCH = YES;
				"CODE_SIGN_IDENTITY[sdk=iphoneos*]" = "iPhone Developer";
				COPY_PHASE_STRIP = NO;
				GCC_C_LANGUAGE_STANDARD = gnu99;
				GCC_DYNAMIC_NO_PIC = NO;
				GCC_OPTIMIZATION_LEVEL = 0;
				GCC_PREPROCESSOR_DEFINITIONS = (
					"DEBUG=1",
					"$(inherited)",
				);
				GCC_SYMBOLS_PRIVATE_EXTERN = NO;
				GCC_WARN_ABOUT_RETURN_TYPE = YES;
				GCC_WARN_UNINITIALIZED_AUTOS = YES;
				GCC_WARN_UNUSED_VARIABLE = YES;
				IPHONEOS_DEPLOYMENT_TARGET = 6.1;
				ONLY_ACTIVE_ARCH = YES;
				SDKROOT = iphoneos;
				TARGETED_DEVICE_FAMILY = "1,2";
			};
			name = Debug;
		};
		4602AED8181288A400200CE0 /* Release */ = {
			isa = XCBuildConfiguration;
			buildSettings = {
				ALWAYS_SEARCH_USER_PATHS = NO;
				CLANG_CXX_LANGUAGE_STANDARD = "gnu++0x";
				CLANG_CXX_LIBRARY = "libc++";
				CLANG_WARN_CONSTANT_CONVERSION = YES;
				CLANG_WARN_EMPTY_BODY = YES;
				CLANG_WARN_ENUM_CONVERSION = YES;
				CLANG_WARN_INT_CONVERSION = YES;
				CLANG_WARN__DUPLICATE_METHOD_MATCH = YES;
				"CODE_SIGN_IDENTITY[sdk=iphoneos*]" = "iPhone Developer";
				COPY_PHASE_STRIP = YES;
				GCC_C_LANGUAGE_STANDARD = gnu99;
				GCC_WARN_ABOUT_RETURN_TYPE = YES;
				GCC_WARN_UNINITIALIZED_AUTOS = YES;
				GCC_WARN_UNUSED_VARIABLE = YES;
				IPHONEOS_DEPLOYMENT_TARGET = 6.1;
				OTHER_CFLAGS = "-DNS_BLOCK_ASSERTIONS=1";
				SDKROOT = iphoneos;
				TARGETED_DEVICE_FAMILY = "1,2";
				VALIDATE_PRODUCT = YES;
			};
			name = Release;
		};
		4602AEDA181288A400200CE0 /* Debug */ = {
			isa = XCBuildConfiguration;
			buildSettings = {
				GCC_PRECOMPILE_PREFIX_HEADER = YES;
				GCC_PREFIX_HEADER = "testGitApp/testGitApp-Prefix.pch";
				INFOPLIST_FILE = "testGitApp/testGitApp-Info.plist";
				PRODUCT_NAME = "$(TARGET_NAME)";
				WRAPPER_EXTENSION = app;
			};
			name = Debug;
		};
		4602AEDB181288A400200CE0 /* Release */ = {
			isa = XCBuildConfiguration;
			buildSettings = {
				GCC_PRECOMPILE_PREFIX_HEADER = YES;
				GCC_PREFIX_HEADER = "testGitApp/testGitApp-Prefix.pch";
				INFOPLIST_FILE = "testGitApp/testGitApp-Info.plist";
				PRODUCT_NAME = "$(TARGET_NAME)";
				WRAPPER_EXTENSION = app;
			};
			name = Release;
		};
/* End XCBuildConfiguration section */

/* Begin XCConfigurationList section */
		4602AEAE181288A400200CE0 /* Build configuration list for PBXProject "testGitApp" */ = {
			isa = XCConfigurationList;
			buildConfigurations = (
				4602AED7181288A400200CE0 /* Debug */,
				4602AED8181288A400200CE0 /* Release */,
			);
			defaultConfigurationIsVisible = 0;
			defaultConfigurationName = Release;
		};
		4602AED9181288A400200CE0 /* Build configuration list for PBXNativeTarget "testGitApp" */ = {
			isa = XCConfigurationList;
			buildConfigurations = (
				4602AEDA181288A400200CE0 /* Debug */,
				4602AEDB181288A400200CE0 /* Release */,
			);
			defaultConfigurationIsVisible = 0;
		};
/* End XCConfigurationList section */
	};
	rootObject = 4602AEAB181288A400200CE0 /* Project object */;
}
